
Microsoft Visual Studio Solution File, Format Version 12.00
# Visual Studio Version 16
VisualStudioVersion = 16.0.32929.386
MinimumVisualStudioVersion = 10.0.40219.1
Project("{9A19103F-16F7-4668-BE54-9A1E7A4F7556}") = "Shapes", "Shapes.csproj", "{8A7F3C97-5118-4063-A198-37D452823B94}"
EndProject
Global
	GlobalSection(SolutionConfigurationPlatforms) = preSolution
		Debug|Any CPU = Debug|Any CPU
		Release|Any CPU = Release|Any CPU
	EndGlobalSection
	GlobalSection(ProjectConfigurationPlatforms) = postSolution
		{8A7F3C97-5118-4063-A198-37D452823B94}.Debug|Any CPU.ActiveCfg = Debug|Any CPU
		{8A7F3C97-5118-4063-A198-37D452823B94}.Debug|Any CPU.Build.0 = Debug|Any CPU
		{8A7F3C97-5118-4063-A198-37D452823B94}.Release|Any CPU.ActiveCfg = Release|Any CPU
		{8A7F3C97-5118-4063-A198-37D452823B94}.Release|Any CPU.Build.0 = Release|Any CPU
	EndGlobalSection
	GlobalSection(SolutionProperties) = preSolution
		HideSolutionNode = FALSE
	EndGlobalSection
	GlobalSection(ExtensibilityGlobals) = postSolution
		SolutionGuid = {94252CF4-27F2-495A-8C97-4554A8C39A0B}
	EndGlobalSection
EndGlobal
